# This file is automatically @generated by Poetry and should not be changed by hand.

[[package]]
name = "arcaflow-plugin-sdk"
version = "0.9.0"
description = "Plugin SDK for the Arcaflow workflow engine"
category = "main"
optional = false
python-versions = ">=3.9"
files = [
    {file = "arcaflow_plugin_sdk-0.9.0-py3-none-any.whl", hash = "sha256:1254df74d59a7d54f7d046a35b6173db56096299dc0acfc9a1432da75ce1da83"},
    {file = "arcaflow_plugin_sdk-0.9.0.tar.gz", hash = "sha256:21b22b634148e07fcd636a7263b2dc50a92dcbd2cbad7b72b799345b851b9d5c"},
]

[package.dependencies]
cbor2 = ">=2.4.3"
PyYAML = ">=5.4"
twisted = ">=22.4.0"

[[package]]
name = "attrs"
version = "23.1.0"
description = "Classes Without Boilerplate"
category = "main"
optional = false
python-versions = ">=3.7"
files = [
    {file = "attrs-23.1.0-py3-none-any.whl", hash = "sha256:1f28b4522cdc2fb4256ac1a020c78acf9cba2c6b461ccd2c126f3aa8e8335d04"},
    {file = "attrs-23.1.0.tar.gz", hash = "sha256:6279836d581513a26f1bf235f9acd333bc9115683f14f7e8fae46c98fc50e015"},
]

[package.extras]
cov = ["attrs[tests]", "coverage[toml] (>=5.3)"]
dev = ["attrs[docs,tests]", "pre-commit"]
docs = ["furo", "myst-parser", "sphinx", "sphinx-notfound-page", "sphinxcontrib-towncrier", "towncrier", "zope-interface"]
tests = ["attrs[tests-no-zope]", "zope-interface"]
tests-no-zope = ["cloudpickle", "hypothesis", "mypy (>=1.1.1)", "pympler", "pytest (>=4.3.0)", "pytest-mypy-plugins", "pytest-xdist[psutil]"]

[[package]]
name = "automat"
version = "22.10.0"
description = "Self-service finite-state machines for the programmer on the go."
category = "main"
optional = false
python-versions = "*"
files = [
    {file = "Automat-22.10.0-py2.py3-none-any.whl", hash = "sha256:c3164f8742b9dc440f3682482d32aaff7bb53f71740dd018533f9de286b64180"},
    {file = "Automat-22.10.0.tar.gz", hash = "sha256:e56beb84edad19dcc11d30e8d9b895f75deeb5ef5e96b84a467066b3b84bb04e"},
]

[package.dependencies]
attrs = ">=19.2.0"
six = "*"

[package.extras]
visualize = ["Twisted (>=16.1.1)", "graphviz (>0.5.1)"]

[[package]]
name = "cbor2"
version = "5.4.6"
description = "CBOR (de)serializer with extensive tag support"
category = "main"
optional = false
python-versions = ">=3.7"
files = [
    {file = "cbor2-5.4.6-cp310-cp310-macosx_10_9_x86_64.whl", hash = "sha256:309fffbb7f561d67f02095d4b9657b73c9220558701c997e9bfcfbca2696e927"},
    {file = "cbor2-5.4.6-cp310-cp310-macosx_11_0_arm64.whl", hash = "sha256:ff95b33e5482313a74648ca3620c9328e9f30ecfa034df040b828e476597d352"},
    {file = "cbor2-5.4.6-cp310-cp310-manylinux_2_17_aarch64.manylinux2014_aarch64.whl", hash = "sha256:db9eb582fce972f0fa429d8159b7891ff8deccb7affc4995090afc61ce0d328a"},
    {file = "cbor2-5.4.6-cp310-cp310-manylinux_2_17_x86_64.manylinux2014_x86_64.whl", hash = "sha256:3950be57a1698086cf26d8710b4e5a637b65133c5b1f9eec23967d4089d8cfed"},
    {file = "cbor2-5.4.6-cp310-cp310-musllinux_1_1_aarch64.whl", hash = "sha256:78304df140b9e13b93bcbb2aecee64c9aaa9f1cadbd45f043b5e7b93cc2f21a2"},
    {file = "cbor2-5.4.6-cp310-cp310-musllinux_1_1_x86_64.whl", hash = "sha256:e73ca40dd3c7210ff776acff9869ddc9ff67bae7c425b58e5715dcf55275163f"},
    {file = "cbor2-5.4.6-cp310-cp310-win_amd64.whl", hash = "sha256:0b956f19e93ba3180c336282cd1b6665631f2d3a196a9c19b29a833bf979e7a4"},
    {file = "cbor2-5.4.6-cp311-cp311-macosx_10_9_x86_64.whl", hash = "sha256:1c12c0ab78f5bc290b08a79152a8621822415836a86f8f4b50dadba371736fda"},
    {file = "cbor2-5.4.6-cp311-cp311-macosx_11_0_arm64.whl", hash = "sha256:3545b16f9f0d5f34d4c99052829c3726020a07be34c99c250d0df87418f02954"},
    {file = "cbor2-5.4.6-cp311-cp311-manylinux_2_17_aarch64.manylinux2014_aarch64.whl", hash = "sha256:24144822f8d2b0156f4cda9427f071f969c18683ffed39663dc86bc0a75ae4dd"},
    {file = "cbor2-5.4.6-cp311-cp311-manylinux_2_17_x86_64.manylinux2014_x86_64.whl", hash = "sha256:1835536e76ea16e88c934aac5e369ba9f93d495b01e5fa2d93f0b4986b89146d"},
    {file = "cbor2-5.4.6-cp311-cp311-musllinux_1_1_aarch64.whl", hash = "sha256:39452c799453f5bf33281ffc0752c620b8bfa0b7c13070b87d370257a1311976"},
    {file = "cbor2-5.4.6-cp311-cp311-musllinux_1_1_x86_64.whl", hash = "sha256:3316f09a77af85e7772ecfdd693b0f450678a60b1aee641bac319289757e3fa0"},
    {file = "cbor2-5.4.6-cp311-cp311-win_amd64.whl", hash = "sha256:456cdff668a50a52fdb8aa6d0742511e43ed46d6a5b463dba80a5a720fa0d320"},
    {file = "cbor2-5.4.6-cp37-cp37m-macosx_10_9_x86_64.whl", hash = "sha256:9394ca49ecdf0957924e45d09a4026482d184a465a047f60c4044eb464c43de9"},
    {file = "cbor2-5.4.6-cp37-cp37m-manylinux_2_17_aarch64.manylinux2014_aarch64.whl", hash = "sha256:56dfa030cd3d67e5b6701d3067923f2f61536a8ffb1b45be14775d1e866b59ae"},
    {file = "cbor2-5.4.6-cp37-cp37m-manylinux_2_17_x86_64.manylinux2014_x86_64.whl", hash = "sha256:e5094562dfe3e5583202b93ef7ca5082c2ba5571accb2c4412d27b7d0ba8a563"},
    {file = "cbor2-5.4.6-cp37-cp37m-musllinux_1_1_aarch64.whl", hash = "sha256:94f844d0e232aca061a86dd6ff191e47ba0389ddd34acb784ad9a41594dc99a4"},
    {file = "cbor2-5.4.6-cp37-cp37m-musllinux_1_1_x86_64.whl", hash = "sha256:7bbd3470eb685325398023e335be896b74f61b014896604ed45049a7b7b6d8ac"},
    {file = "cbor2-5.4.6-cp37-cp37m-win_amd64.whl", hash = "sha256:0bd12c54a48949d11f5ffc2fa27f5df1b4754111f5207453e5fae3512ebb3cab"},
    {file = "cbor2-5.4.6-cp38-cp38-macosx_10_9_x86_64.whl", hash = "sha256:d2984a488f350aee1d54fa9cb8c6a3c1f1f5b268abbc91161e47185de4d829f3"},
    {file = "cbor2-5.4.6-cp38-cp38-macosx_11_0_arm64.whl", hash = "sha256:c285a2cb2c04004bfead93df89d92a0cef1874ad337d0cb5ea53c2c31e97bfdb"},
    {file = "cbor2-5.4.6-cp38-cp38-manylinux_2_17_aarch64.manylinux2014_aarch64.whl", hash = "sha256:6709d97695205cd08255363b54afa035306d5302b7b5e38308c8ff5a47e60f2a"},
    {file = "cbor2-5.4.6-cp38-cp38-manylinux_2_17_x86_64.manylinux2014_x86_64.whl", hash = "sha256:96087fa5336ebfc94465c0768cd5de0fcf9af3840d2cf0ce32f5767855f1a293"},
    {file = "cbor2-5.4.6-cp38-cp38-musllinux_1_1_aarch64.whl", hash = "sha256:0d2b926b024d3a1549b819bc82fdc387062bbd977b0299dd5fa5e0ea3267b98b"},
    {file = "cbor2-5.4.6-cp38-cp38-musllinux_1_1_x86_64.whl", hash = "sha256:6e1b5aee920b6a2f737aa12e2b54de3826b09f885a7ce402db84216343368140"},
    {file = "cbor2-5.4.6-cp38-cp38-win_amd64.whl", hash = "sha256:79e048e623846d60d735bb350263e8fdd36cb6195d7f1a2b57eacd573d9c0b33"},
    {file = "cbor2-5.4.6-cp39-cp39-macosx_10_9_x86_64.whl", hash = "sha256:80ac8ba450c7a41c5afe5f7e503d3092442ed75393e1de162b0bf0d97edf7c7f"},
    {file = "cbor2-5.4.6-cp39-cp39-macosx_11_0_arm64.whl", hash = "sha256:4ce1a2c272ba8523a55ea2f1d66e3464e89fa0e37c9a3d786a919fe64e68dbd7"},
    {file = "cbor2-5.4.6-cp39-cp39-manylinux_2_17_aarch64.manylinux2014_aarch64.whl", hash = "sha256:1618d16e310f7ffed141762b0ff5d8bb6b53ad449406115cc465bf04213cefcf"},
    {file = "cbor2-5.4.6-cp39-cp39-manylinux_2_17_x86_64.manylinux2014_x86_64.whl", hash = "sha256:4bbbdb2e3ef274865dc3f279aae109b5d94f4654aea3c72c479fb37e4a1e7ed7"},
    {file = "cbor2-5.4.6-cp39-cp39-musllinux_1_1_aarch64.whl", hash = "sha256:6f9c702bee2954fffdfa3de95a5af1a6b1c5f155e39490353d5654d83bb05bb9"},
    {file = "cbor2-5.4.6-cp39-cp39-musllinux_1_1_x86_64.whl", hash = "sha256:4b9f3924da0e460a93b3674c7e71020dd6c9e9f17400a34e52a88c0af2dcd2aa"},
    {file = "cbor2-5.4.6-cp39-cp39-win_amd64.whl", hash = "sha256:d54bd840b4fe34f097b8665fc0692c7dd175349e53976be6c5de4433b970daa4"},
    {file = "cbor2-5.4.6-py3-none-any.whl", hash = "sha256:181ac494091d1f9c5bb373cd85514ce1eb967a8cf3ec298e8dfa8878aa823956"},
    {file = "cbor2-5.4.6.tar.gz", hash = "sha256:b893500db0fe033e570c3adc956af6eefc57e280026bd2d86fd53da9f1e594d7"},
]

[package.extras]
doc = ["sphinx-autodoc-typehints (>=1.2.0)", "sphinx-rtd-theme"]
test = ["pytest", "pytest-cov"]

[[package]]
name = "constantly"
version = "15.1.0"
description = "Symbolic constants in Python"
category = "main"
optional = false
python-versions = "*"
files = [
    {file = "constantly-15.1.0-py2.py3-none-any.whl", hash = "sha256:dd2fa9d6b1a51a83f0d7dd76293d734046aa176e384bf6e33b7e44880eb37c5d"},
    {file = "constantly-15.1.0.tar.gz", hash = "sha256:586372eb92059873e29eba4f9dec8381541b4d3834660707faf8ba59146dfc35"},
]

[[package]]
name = "coverage"
version = "6.5.0"
description = "Code coverage measurement for Python"
category = "dev"
optional = false
python-versions = ">=3.7"
files = [
    {file = "coverage-6.5.0-cp310-cp310-macosx_10_9_x86_64.whl", hash = "sha256:ef8674b0ee8cc11e2d574e3e2998aea5df5ab242e012286824ea3c6970580e53"},
    {file = "coverage-6.5.0-cp310-cp310-macosx_11_0_arm64.whl", hash = "sha256:784f53ebc9f3fd0e2a3f6a78b2be1bd1f5575d7863e10c6e12504f240fd06660"},
    {file = "coverage-6.5.0-cp310-cp310-manylinux_2_17_aarch64.manylinux2014_aarch64.whl", hash = "sha256:b4a5be1748d538a710f87542f22c2cad22f80545a847ad91ce45e77417293eb4"},
    {file = "coverage-6.5.0-cp310-cp310-manylinux_2_5_i686.manylinux1_i686.manylinux_2_17_i686.manylinux2014_i686.whl", hash = "sha256:83516205e254a0cb77d2d7bb3632ee019d93d9f4005de31dca0a8c3667d5bc04"},
    {file = "coverage-6.5.0-cp310-cp310-manylinux_2_5_x86_64.manylinux1_x86_64.manylinux_2_17_x86_64.manylinux2014_x86_64.whl", hash = "sha256:af4fffaffc4067232253715065e30c5a7ec6faac36f8fc8d6f64263b15f74db0"},
    {file = "coverage-6.5.0-cp310-cp310-musllinux_1_1_aarch64.whl", hash = "sha256:97117225cdd992a9c2a5515db1f66b59db634f59d0679ca1fa3fe8da32749cae"},
    {file = "coverage-6.5.0-cp310-cp310-musllinux_1_1_i686.whl", hash = "sha256:a1170fa54185845505fbfa672f1c1ab175446c887cce8212c44149581cf2d466"},
    {file = "coverage-6.5.0-cp310-cp310-musllinux_1_1_x86_64.whl", hash = "sha256:11b990d520ea75e7ee8dcab5bc908072aaada194a794db9f6d7d5cfd19661e5a"},
    {file = "coverage-6.5.0-cp310-cp310-win32.whl", hash = "sha256:5dbec3b9095749390c09ab7c89d314727f18800060d8d24e87f01fb9cfb40b32"},
    {file = "coverage-6.5.0-cp310-cp310-win_amd64.whl", hash = "sha256:59f53f1dc5b656cafb1badd0feb428c1e7bc19b867479ff72f7a9dd9b479f10e"},
    {file = "coverage-6.5.0-cp311-cp311-macosx_10_9_x86_64.whl", hash = "sha256:4a5375e28c5191ac38cca59b38edd33ef4cc914732c916f2929029b4bfb50795"},
    {file = "coverage-6.5.0-cp311-cp311-manylinux_2_17_aarch64.manylinux2014_aarch64.whl", hash = "sha256:c4ed2820d919351f4167e52425e096af41bfabacb1857186c1ea32ff9983ed75"},
    {file = "coverage-6.5.0-cp311-cp311-manylinux_2_5_i686.manylinux1_i686.manylinux_2_17_i686.manylinux2014_i686.whl", hash = "sha256:33a7da4376d5977fbf0a8ed91c4dffaaa8dbf0ddbf4c8eea500a2486d8bc4d7b"},
    {file = "coverage-6.5.0-cp311-cp311-manylinux_2_5_x86_64.manylinux1_x86_64.manylinux_2_17_x86_64.manylinux2014_x86_64.whl", hash = "sha256:a8fb6cf131ac4070c9c5a3e21de0f7dc5a0fbe8bc77c9456ced896c12fcdad91"},
    {file = "coverage-6.5.0-cp311-cp311-musllinux_1_1_aarch64.whl", hash = "sha256:a6b7d95969b8845250586f269e81e5dfdd8ff828ddeb8567a4a2eaa7313460c4"},
    {file = "coverage-6.5.0-cp311-cp311-musllinux_1_1_i686.whl", hash = "sha256:1ef221513e6f68b69ee9e159506d583d31aa3567e0ae84eaad9d6ec1107dddaa"},
    {file = "coverage-6.5.0-cp311-cp311-musllinux_1_1_x86_64.whl", hash = "sha256:cca4435eebea7962a52bdb216dec27215d0df64cf27fc1dd538415f5d2b9da6b"},
    {file = "coverage-6.5.0-cp311-cp311-win32.whl", hash = "sha256:98e8a10b7a314f454d9eff4216a9a94d143a7ee65018dd12442e898ee2310578"},
    {file = "coverage-6.5.0-cp311-cp311-win_amd64.whl", hash = "sha256:bc8ef5e043a2af066fa8cbfc6e708d58017024dc4345a1f9757b329a249f041b"},
    {file = "coverage-6.5.0-cp37-cp37m-macosx_10_9_x86_64.whl", hash = "sha256:4433b90fae13f86fafff0b326453dd42fc9a639a0d9e4eec4d366436d1a41b6d"},
    {file = "coverage-6.5.0-cp37-cp37m-manylinux_2_17_aarch64.manylinux2014_aarch64.whl", hash = "sha256:f4f05d88d9a80ad3cac6244d36dd89a3c00abc16371769f1340101d3cb899fc3"},
    {file = "coverage-6.5.0-cp37-cp37m-manylinux_2_5_i686.manylinux1_i686.manylinux_2_17_i686.manylinux2014_i686.whl", hash = "sha256:94e2565443291bd778421856bc975d351738963071e9b8839ca1fc08b42d4bef"},
    {file = "coverage-6.5.0-cp37-cp37m-manylinux_2_5_x86_64.manylinux1_x86_64.manylinux_2_17_x86_64.manylinux2014_x86_64.whl", hash = "sha256:027018943386e7b942fa832372ebc120155fd970837489896099f5cfa2890f79"},
    {file = "coverage-6.5.0-cp37-cp37m-musllinux_1_1_aarch64.whl", hash = "sha256:255758a1e3b61db372ec2736c8e2a1fdfaf563977eedbdf131de003ca5779b7d"},
    {file = "coverage-6.5.0-cp37-cp37m-musllinux_1_1_i686.whl", hash = "sha256:851cf4ff24062c6aec510a454b2584f6e998cada52d4cb58c5e233d07172e50c"},
    {file = "coverage-6.5.0-cp37-cp37m-musllinux_1_1_x86_64.whl", hash = "sha256:12adf310e4aafddc58afdb04d686795f33f4d7a6fa67a7a9d4ce7d6ae24d949f"},
    {file = "coverage-6.5.0-cp37-cp37m-win32.whl", hash = "sha256:b5604380f3415ba69de87a289a2b56687faa4fe04dbee0754bfcae433489316b"},
    {file = "coverage-6.5.0-cp37-cp37m-win_amd64.whl", hash = "sha256:4a8dbc1f0fbb2ae3de73eb0bdbb914180c7abfbf258e90b311dcd4f585d44bd2"},
    {file = "coverage-6.5.0-cp38-cp38-macosx_10_9_x86_64.whl", hash = "sha256:d900bb429fdfd7f511f868cedd03a6bbb142f3f9118c09b99ef8dc9bf9643c3c"},
    {file = "coverage-6.5.0-cp38-cp38-macosx_11_0_arm64.whl", hash = "sha256:2198ea6fc548de52adc826f62cb18554caedfb1d26548c1b7c88d8f7faa8f6ba"},
    {file = "coverage-6.5.0-cp38-cp38-manylinux_2_17_aarch64.manylinux2014_aarch64.whl", hash = "sha256:6c4459b3de97b75e3bd6b7d4b7f0db13f17f504f3d13e2a7c623786289dd670e"},
    {file = "coverage-6.5.0-cp38-cp38-manylinux_2_5_i686.manylinux1_i686.manylinux_2_17_i686.manylinux2014_i686.whl", hash = "sha256:20c8ac5386253717e5ccc827caad43ed66fea0efe255727b1053a8154d952398"},
    {file = "coverage-6.5.0-cp38-cp38-manylinux_2_5_x86_64.manylinux1_x86_64.manylinux_2_17_x86_64.manylinux2014_x86_64.whl", hash = "sha256:6b07130585d54fe8dff3d97b93b0e20290de974dc8177c320aeaf23459219c0b"},
    {file = "coverage-6.5.0-cp38-cp38-musllinux_1_1_aarch64.whl", hash = "sha256:dbdb91cd8c048c2b09eb17713b0c12a54fbd587d79adcebad543bc0cd9a3410b"},
    {file = "coverage-6.5.0-cp38-cp38-musllinux_1_1_i686.whl", hash = "sha256:de3001a203182842a4630e7b8d1a2c7c07ec1b45d3084a83d5d227a3806f530f"},
    {file = "coverage-6.5.0-cp38-cp38-musllinux_1_1_x86_64.whl", hash = "sha256:e07f4a4a9b41583d6eabec04f8b68076ab3cd44c20bd29332c6572dda36f372e"},
    {file = "coverage-6.5.0-cp38-cp38-win32.whl", hash = "sha256:6d4817234349a80dbf03640cec6109cd90cba068330703fa65ddf56b60223a6d"},
    {file = "coverage-6.5.0-cp38-cp38-win_amd64.whl", hash = "sha256:7ccf362abd726b0410bf8911c31fbf97f09f8f1061f8c1cf03dfc4b6372848f6"},
    {file = "coverage-6.5.0-cp39-cp39-macosx_10_9_x86_64.whl", hash = "sha256:633713d70ad6bfc49b34ead4060531658dc6dfc9b3eb7d8a716d5873377ab745"},
    {file = "coverage-6.5.0-cp39-cp39-macosx_11_0_arm64.whl", hash = "sha256:95203854f974e07af96358c0b261f1048d8e1083f2de9b1c565e1be4a3a48cfc"},
    {file = "coverage-6.5.0-cp39-cp39-manylinux_2_17_aarch64.manylinux2014_aarch64.whl", hash = "sha256:b9023e237f4c02ff739581ef35969c3739445fb059b060ca51771e69101efffe"},
    {file = "coverage-6.5.0-cp39-cp39-manylinux_2_5_i686.manylinux1_i686.manylinux_2_17_i686.manylinux2014_i686.whl", hash = "sha256:265de0fa6778d07de30bcf4d9dc471c3dc4314a23a3c6603d356a3c9abc2dfcf"},
    {file = "coverage-6.5.0-cp39-cp39-manylinux_2_5_x86_64.manylinux1_x86_64.manylinux_2_17_x86_64.manylinux2014_x86_64.whl", hash = "sha256:8f830ed581b45b82451a40faabb89c84e1a998124ee4212d440e9c6cf70083e5"},
    {file = "coverage-6.5.0-cp39-cp39-musllinux_1_1_aarch64.whl", hash = "sha256:7b6be138d61e458e18d8e6ddcddd36dd96215edfe5f1168de0b1b32635839b62"},
    {file = "coverage-6.5.0-cp39-cp39-musllinux_1_1_i686.whl", hash = "sha256:42eafe6778551cf006a7c43153af1211c3aaab658d4d66fa5fcc021613d02518"},
    {file = "coverage-6.5.0-cp39-cp39-musllinux_1_1_x86_64.whl", hash = "sha256:723e8130d4ecc8f56e9a611e73b31219595baa3bb252d539206f7bbbab6ffc1f"},
    {file = "coverage-6.5.0-cp39-cp39-win32.whl", hash = "sha256:d9ecf0829c6a62b9b573c7bb6d4dcd6ba8b6f80be9ba4fc7ed50bf4ac9aecd72"},
    {file = "coverage-6.5.0-cp39-cp39-win_amd64.whl", hash = "sha256:fc2af30ed0d5ae0b1abdb4ebdce598eafd5b35397d4d75deb341a614d333d987"},
    {file = "coverage-6.5.0-pp36.pp37.pp38-none-any.whl", hash = "sha256:1431986dac3923c5945271f169f59c45b8802a114c8f548d611f2015133df77a"},
    {file = "coverage-6.5.0.tar.gz", hash = "sha256:f642e90754ee3e06b0e7e51bce3379590e76b7f76b708e1a71ff043f87025c84"},
]

[package.extras]
toml = ["tomli"]

[[package]]
name = "hyperlink"
version = "21.0.0"
description = "A featureful, immutable, and correct URL for Python."
category = "main"
optional = false
python-versions = ">=2.6, !=3.0.*, !=3.1.*, !=3.2.*, !=3.3.*"
files = [
    {file = "hyperlink-21.0.0-py2.py3-none-any.whl", hash = "sha256:e6b14c37ecb73e89c77d78cdb4c2cc8f3fb59a885c5b3f819ff4ed80f25af1b4"},
    {file = "hyperlink-21.0.0.tar.gz", hash = "sha256:427af957daa58bc909471c6c40f74c5450fa123dd093fc53efd2e91d2705a56b"},
]

[package.dependencies]
idna = ">=2.5"

[[package]]
name = "idna"
version = "3.4"
description = "Internationalized Domain Names in Applications (IDNA)"
category = "main"
optional = false
python-versions = ">=3.5"
files = [
    {file = "idna-3.4-py3-none-any.whl", hash = "sha256:90b77e79eaa3eba6de819a0c442c0b4ceefc341a7a2ab77d7562bf49f425c5c2"},
    {file = "idna-3.4.tar.gz", hash = "sha256:814f528e8dead7d329833b91c5faa87d60bf71824cd12a7530b5526063d02cb4"},
]

[[package]]
name = "incremental"
version = "22.10.0"
description = "\"A small library that versions your Python projects.\""
category = "main"
optional = false
python-versions = "*"
files = [
    {file = "incremental-22.10.0-py2.py3-none-any.whl", hash = "sha256:b864a1f30885ee72c5ac2835a761b8fe8aa9c28b9395cacf27286602688d3e51"},
    {file = "incremental-22.10.0.tar.gz", hash = "sha256:912feeb5e0f7e0188e6f42241d2f450002e11bbc0937c65865045854c24c0bd0"},
]

[package.extras]
mypy = ["click (>=6.0)", "mypy (==0.812)", "twisted (>=16.4.0)"]
scripts = ["click (>=6.0)", "twisted (>=16.4.0)"]

[[package]]
name = "pyyaml"
version = "6.0.1"
description = "YAML parser and emitter for Python"
category = "main"
optional = false
python-versions = ">=3.6"
files = [
    {file = "PyYAML-6.0.1-cp310-cp310-macosx_10_9_x86_64.whl", hash = "sha256:d858aa552c999bc8a8d57426ed01e40bef403cd8ccdd0fc5f6f04a00414cac2a"},
    {file = "PyYAML-6.0.1-cp310-cp310-macosx_11_0_arm64.whl", hash = "sha256:fd66fc5d0da6d9815ba2cebeb4205f95818ff4b79c3ebe268e75d961704af52f"},
    {file = "PyYAML-6.0.1-cp310-cp310-manylinux_2_17_aarch64.manylinux2014_aarch64.whl", hash = "sha256:69b023b2b4daa7548bcfbd4aa3da05b3a74b772db9e23b982788168117739938"},
    {file = "PyYAML-6.0.1-cp310-cp310-manylinux_2_17_s390x.manylinux2014_s390x.whl", hash = "sha256:81e0b275a9ecc9c0c0c07b4b90ba548307583c125f54d5b6946cfee6360c733d"},
    {file = "PyYAML-6.0.1-cp310-cp310-manylinux_2_17_x86_64.manylinux2014_x86_64.whl", hash = "sha256:ba336e390cd8e4d1739f42dfe9bb83a3cc2e80f567d8805e11b46f4a943f5515"},
    {file = "PyYAML-6.0.1-cp310-cp310-win32.whl", hash = "sha256:bd4af7373a854424dabd882decdc5579653d7868b8fb26dc7d0e99f823aa5924"},
    {file = "PyYAML-6.0.1-cp310-cp310-win_amd64.whl", hash = "sha256:fd1592b3fdf65fff2ad0004b5e363300ef59ced41c2e6b3a99d4089fa8c5435d"},
    {file = "PyYAML-6.0.1-cp311-cp311-macosx_10_9_x86_64.whl", hash = "sha256:6965a7bc3cf88e5a1c3bd2e0b5c22f8d677dc88a455344035f03399034eb3007"},
    {file = "PyYAML-6.0.1-cp311-cp311-macosx_11_0_arm64.whl", hash = "sha256:f003ed9ad21d6a4713f0a9b5a7a0a79e08dd0f221aff4525a2be4c346ee60aab"},
    {file = "PyYAML-6.0.1-cp311-cp311-manylinux_2_17_aarch64.manylinux2014_aarch64.whl", hash = "sha256:42f8152b8dbc4fe7d96729ec2b99c7097d656dc1213a3229ca5383f973a5ed6d"},
    {file = "PyYAML-6.0.1-cp311-cp311-manylinux_2_17_s390x.manylinux2014_s390x.whl", hash = "sha256:062582fca9fabdd2c8b54a3ef1c978d786e0f6b3a1510e0ac93ef59e0ddae2bc"},
    {file = "PyYAML-6.0.1-cp311-cp311-manylinux_2_17_x86_64.manylinux2014_x86_64.whl", hash = "sha256:d2b04aac4d386b172d5b9692e2d2da8de7bfb6c387fa4f801fbf6fb2e6ba4673"},
    {file = "PyYAML-6.0.1-cp311-cp311-win32.whl", hash = "sha256:1635fd110e8d85d55237ab316b5b011de701ea0f29d07611174a1b42f1444741"},
    {file = "PyYAML-6.0.1-cp311-cp311-win_amd64.whl", hash = "sha256:bf07ee2fef7014951eeb99f56f39c9bb4af143d8aa3c21b1677805985307da34"},
    {file = "PyYAML-6.0.1-cp36-cp36m-macosx_10_9_x86_64.whl", hash = "sha256:50550eb667afee136e9a77d6dc71ae76a44df8b3e51e41b77f6de2932bfe0f47"},
    {file = "PyYAML-6.0.1-cp36-cp36m-manylinux_2_17_aarch64.manylinux2014_aarch64.whl", hash = "sha256:1fe35611261b29bd1de0070f0b2f47cb6ff71fa6595c077e42bd0c419fa27b98"},
    {file = "PyYAML-6.0.1-cp36-cp36m-manylinux_2_17_s390x.manylinux2014_s390x.whl", hash = "sha256:704219a11b772aea0d8ecd7058d0082713c3562b4e271b849ad7dc4a5c90c13c"},
    {file = "PyYAML-6.0.1-cp36-cp36m-manylinux_2_17_x86_64.manylinux2014_x86_64.whl", hash = "sha256:afd7e57eddb1a54f0f1a974bc4391af8bcce0b444685d936840f125cf046d5bd"},
    {file = "PyYAML-6.0.1-cp36-cp36m-win32.whl", hash = "sha256:fca0e3a251908a499833aa292323f32437106001d436eca0e6e7833256674585"},
    {file = "PyYAML-6.0.1-cp36-cp36m-win_amd64.whl", hash = "sha256:f22ac1c3cac4dbc50079e965eba2c1058622631e526bd9afd45fedd49ba781fa"},
    {file = "PyYAML-6.0.1-cp37-cp37m-macosx_10_9_x86_64.whl", hash = "sha256:b1275ad35a5d18c62a7220633c913e1b42d44b46ee12554e5fd39c70a243d6a3"},
    {file = "PyYAML-6.0.1-cp37-cp37m-manylinux_2_17_aarch64.manylinux2014_aarch64.whl", hash = "sha256:18aeb1bf9a78867dc38b259769503436b7c72f7a1f1f4c93ff9a17de54319b27"},
    {file = "PyYAML-6.0.1-cp37-cp37m-manylinux_2_17_s390x.manylinux2014_s390x.whl", hash = "sha256:596106435fa6ad000c2991a98fa58eeb8656ef2325d7e158344fb33864ed87e3"},
    {file = "PyYAML-6.0.1-cp37-cp37m-manylinux_2_17_x86_64.manylinux2014_x86_64.whl", hash = "sha256:baa90d3f661d43131ca170712d903e6295d1f7a0f595074f151c0aed377c9b9c"},
    {file = "PyYAML-6.0.1-cp37-cp37m-win32.whl", hash = "sha256:9046c58c4395dff28dd494285c82ba00b546adfc7ef001486fbf0324bc174fba"},
    {file = "PyYAML-6.0.1-cp37-cp37m-win_amd64.whl", hash = "sha256:4fb147e7a67ef577a588a0e2c17b6db51dda102c71de36f8549b6816a96e1867"},
    {file = "PyYAML-6.0.1-cp38-cp38-macosx_10_9_x86_64.whl", hash = "sha256:1d4c7e777c441b20e32f52bd377e0c409713e8bb1386e1099c2415f26e479595"},
    {file = "PyYAML-6.0.1-cp38-cp38-manylinux_2_17_aarch64.manylinux2014_aarch64.whl", hash = "sha256:a0cd17c15d3bb3fa06978b4e8958dcdc6e0174ccea823003a106c7d4d7899ac5"},
    {file = "PyYAML-6.0.1-cp38-cp38-manylinux_2_17_s390x.manylinux2014_s390x.whl", hash = "sha256:28c119d996beec18c05208a8bd78cbe4007878c6dd15091efb73a30e90539696"},
    {file = "PyYAML-6.0.1-cp38-cp38-manylinux_2_17_x86_64.manylinux2014_x86_64.whl", hash = "sha256:7e07cbde391ba96ab58e532ff4803f79c4129397514e1413a7dc761ccd755735"},
    {file = "PyYAML-6.0.1-cp38-cp38-win32.whl", hash = "sha256:184c5108a2aca3c5b3d3bf9395d50893a7ab82a38004c8f61c258d4428e80206"},
    {file = "PyYAML-6.0.1-cp38-cp38-win_amd64.whl", hash = "sha256:1e2722cc9fbb45d9b87631ac70924c11d3a401b2d7f410cc0e3bbf249f2dca62"},
    {file = "PyYAML-6.0.1-cp39-cp39-macosx_10_9_x86_64.whl", hash = "sha256:9eb6caa9a297fc2c2fb8862bc5370d0303ddba53ba97e71f08023b6cd73d16a8"},
    {file = "PyYAML-6.0.1-cp39-cp39-macosx_11_0_arm64.whl", hash = "sha256:c8098ddcc2a85b61647b2590f825f3db38891662cfc2fc776415143f599bb859"},
    {file = "PyYAML-6.0.1-cp39-cp39-manylinux_2_17_aarch64.manylinux2014_aarch64.whl", hash = "sha256:5773183b6446b2c99bb77e77595dd486303b4faab2b086e7b17bc6bef28865f6"},
    {file = "PyYAML-6.0.1-cp39-cp39-manylinux_2_17_s390x.manylinux2014_s390x.whl", hash = "sha256:b786eecbdf8499b9ca1d697215862083bd6d2a99965554781d0d8d1ad31e13a0"},
    {file = "PyYAML-6.0.1-cp39-cp39-manylinux_2_17_x86_64.manylinux2014_x86_64.whl", hash = "sha256:bc1bf2925a1ecd43da378f4db9e4f799775d6367bdb94671027b73b393a7c42c"},
    {file = "PyYAML-6.0.1-cp39-cp39-win32.whl", hash = "sha256:faca3bdcf85b2fc05d06ff3fbc1f83e1391b3e724afa3feba7d13eeab355484c"},
    {file = "PyYAML-6.0.1-cp39-cp39-win_amd64.whl", hash = "sha256:510c9deebc5c0225e8c96813043e62b680ba2f9c50a08d3724c7f28a747d1486"},
    {file = "PyYAML-6.0.1.tar.gz", hash = "sha256:bfdf460b1736c775f2ba9f6a92bca30bc2095067b8a9d77876d1fad6cc3b4a43"},
]

[[package]]
name = "setuptools"
version = "68.0.0"
description = "Easily download, build, install, upgrade, and uninstall Python packages"
category = "main"
optional = false
python-versions = ">=3.7"
files = [
    {file = "setuptools-68.0.0-py3-none-any.whl", hash = "sha256:11e52c67415a381d10d6b462ced9cfb97066179f0e871399e006c4ab101fc85f"},
    {file = "setuptools-68.0.0.tar.gz", hash = "sha256:baf1fdb41c6da4cd2eae722e135500da913332ab3f2f5c7d33af9b492acb5235"},
]

[package.extras]
docs = ["furo", "jaraco.packaging (>=9)", "jaraco.tidelift (>=1.4)", "pygments-github-lexers (==0.0.5)", "rst.linker (>=1.9)", "sphinx (>=3.5)", "sphinx-favicon", "sphinx-hoverxref (<2)", "sphinx-inline-tabs", "sphinx-lint", "sphinx-notfound-page (==0.8.3)", "sphinx-reredirects", "sphinxcontrib-towncrier"]
testing = ["build[virtualenv]", "filelock (>=3.4.0)", "flake8-2020", "ini2toml[lite] (>=0.9)", "jaraco.envs (>=2.2)", "jaraco.path (>=3.2.0)", "pip (>=19.1)", "pip-run (>=8.8)", "pytest (>=6)", "pytest-black (>=0.3.7)", "pytest-checkdocs (>=2.4)", "pytest-cov", "pytest-enabler (>=1.3)", "pytest-mypy (>=0.9.1)", "pytest-perf", "pytest-ruff", "pytest-timeout", "pytest-xdist", "tomli-w (>=1.0.0)", "virtualenv (>=13.0.0)", "wheel"]
testing-integration = ["build[virtualenv]", "filelock (>=3.4.0)", "jaraco.envs (>=2.2)", "jaraco.path (>=3.2.0)", "pytest", "pytest-enabler", "pytest-xdist", "tomli", "virtualenv (>=13.0.0)", "wheel"]

[[package]]
name = "six"
version = "1.16.0"
description = "Python 2 and 3 compatibility utilities"
category = "main"
optional = false
python-versions = ">=2.7, !=3.0.*, !=3.1.*, !=3.2.*"
files = [
    {file = "six-1.16.0-py2.py3-none-any.whl", hash = "sha256:8abb2f1d86890a2dfb989f9a77cfcfd3e47c2a354b01111771326f8aa26e0254"},
    {file = "six-1.16.0.tar.gz", hash = "sha256:1e61c37477a1626458e36f7b1d82aa5c9b094fa4802892072e49de9c60c4c926"},
]

[[package]]
name = "twisted"
version = "22.10.0"
description = "An asynchronous networking framework written in Python"
category = "main"
optional = false
python-versions = ">=3.7.1"
files = [
    {file = "Twisted-22.10.0-py3-none-any.whl", hash = "sha256:86c55f712cc5ab6f6d64e02503352464f0400f66d4f079096d744080afcccbd0"},
    {file = "Twisted-22.10.0.tar.gz", hash = "sha256:32acbd40a94f5f46e7b42c109bfae2b302250945561783a8b7a059048f2d4d31"},
]

[package.dependencies]
attrs = ">=19.2.0"
Automat = ">=0.8.0"
constantly = ">=15.1"
hyperlink = ">=17.1.1"
incremental = ">=21.3.0"
twisted-iocpsupport = {version = ">=1.0.2,<2", markers = "platform_system == \"Windows\""}
typing-extensions = ">=3.6.5"
"zope.interface" = ">=4.4.2"

[package.extras]
all-non-platform = ["PyHamcrest (>=1.9.0)", "appdirs (>=1.4.0)", "bcrypt (>=3.0.0)", "contextvars (>=2.4,<3)", "cryptography (>=2.6)", "cython-test-exception-raiser (>=1.0.2,<2)", "h2 (>=3.0,<5.0)", "hypothesis (>=6.0,<7.0)", "idna (>=2.4)", "priority (>=1.1.0,<2.0)", "pyasn1", "pyopenssl (>=21.0.0)", "pyserial (>=3.0)", "pywin32 (!=226)", "service-identity (>=18.1.0)"]
conch = ["appdirs (>=1.4.0)", "bcrypt (>=3.0.0)", "cryptography (>=2.6)", "pyasn1"]
conch-nacl = ["PyNaCl", "appdirs (>=1.4.0)", "bcrypt (>=3.0.0)", "cryptography (>=2.6)", "pyasn1"]
contextvars = ["contextvars (>=2.4,<3)"]
dev = ["coverage (>=6b1,<7)", "pydoctor (>=22.9.0,<22.10.0)", "pyflakes (>=2.2,<3.0)", "python-subunit (>=1.4,<2.0)", "readthedocs-sphinx-ext (>=2.1,<3.0)", "sphinx (>=5.0,<6)", "sphinx-rtd-theme (>=1.0,<2.0)", "towncrier (>=22.8,<23.0)", "twistedchecker (>=0.7,<1.0)"]
dev-release = ["pydoctor (>=22.9.0,<22.10.0)", "readthedocs-sphinx-ext (>=2.1,<3.0)", "sphinx (>=5.0,<6)", "sphinx-rtd-theme (>=1.0,<2.0)", "towncrier (>=22.8,<23.0)"]
gtk-platform = ["PyHamcrest (>=1.9.0)", "appdirs (>=1.4.0)", "bcrypt (>=3.0.0)", "contextvars (>=2.4,<3)", "cryptography (>=2.6)", "cython-test-exception-raiser (>=1.0.2,<2)", "h2 (>=3.0,<5.0)", "hypothesis (>=6.0,<7.0)", "idna (>=2.4)", "priority (>=1.1.0,<2.0)", "pyasn1", "pygobject", "pyopenssl (>=21.0.0)", "pyserial (>=3.0)", "pywin32 (!=226)", "service-identity (>=18.1.0)"]
http2 = ["h2 (>=3.0,<5.0)", "priority (>=1.1.0,<2.0)"]
macos-platform = ["PyHamcrest (>=1.9.0)", "appdirs (>=1.4.0)", "bcrypt (>=3.0.0)", "contextvars (>=2.4,<3)", "cryptography (>=2.6)", "cython-test-exception-raiser (>=1.0.2,<2)", "h2 (>=3.0,<5.0)", "hypothesis (>=6.0,<7.0)", "idna (>=2.4)", "priority (>=1.1.0,<2.0)", "pyasn1", "pyobjc-core", "pyobjc-framework-CFNetwork", "pyobjc-framework-Cocoa", "pyopenssl (>=21.0.0)", "pyserial (>=3.0)", "pywin32 (!=226)", "service-identity (>=18.1.0)"]
mypy = ["PyHamcrest (>=1.9.0)", "PyNaCl", "appdirs (>=1.4.0)", "bcrypt (>=3.0.0)", "contextvars (>=2.4,<3)", "coverage (>=6b1,<7)", "cryptography (>=2.6)", "cython-test-exception-raiser (>=1.0.2,<2)", "h2 (>=3.0,<5.0)", "hypothesis (>=6.0,<7.0)", "idna (>=2.4)", "mypy (==0.930)", "mypy-zope (==0.3.4)", "priority (>=1.1.0,<2.0)", "pyasn1", "pydoctor (>=22.9.0,<22.10.0)", "pyflakes (>=2.2,<3.0)", "pyopenssl (>=21.0.0)", "pyserial (>=3.0)", "python-subunit (>=1.4,<2.0)", "pywin32 (!=226)", "readthedocs-sphinx-ext (>=2.1,<3.0)", "service-identity (>=18.1.0)", "sphinx (>=5.0,<6)", "sphinx-rtd-theme (>=1.0,<2.0)", "towncrier (>=22.8,<23.0)", "twistedchecker (>=0.7,<1.0)", "types-pyOpenSSL", "types-setuptools"]
osx-platform = ["PyHamcrest (>=1.9.0)", "appdirs (>=1.4.0)", "bcrypt (>=3.0.0)", "contextvars (>=2.4,<3)", "cryptography (>=2.6)", "cython-test-exception-raiser (>=1.0.2,<2)", "h2 (>=3.0,<5.0)", "hypothesis (>=6.0,<7.0)", "idna (>=2.4)", "priority (>=1.1.0,<2.0)", "pyasn1", "pyobjc-core", "pyobjc-framework-CFNetwork", "pyobjc-framework-Cocoa", "pyopenssl (>=21.0.0)", "pyserial (>=3.0)", "pywin32 (!=226)", "service-identity (>=18.1.0)"]
serial = ["pyserial (>=3.0)", "pywin32 (!=226)"]
test = ["PyHamcrest (>=1.9.0)", "cython-test-exception-raiser (>=1.0.2,<2)", "hypothesis (>=6.0,<7.0)"]
tls = ["idna (>=2.4)", "pyopenssl (>=21.0.0)", "service-identity (>=18.1.0)"]
windows-platform = ["PyHamcrest (>=1.9.0)", "appdirs (>=1.4.0)", "bcrypt (>=3.0.0)", "contextvars (>=2.4,<3)", "cryptography (>=2.6)", "cython-test-exception-raiser (>=1.0.2,<2)", "h2 (>=3.0,<5.0)", "hypothesis (>=6.0,<7.0)", "idna (>=2.4)", "priority (>=1.1.0,<2.0)", "pyasn1", "pyopenssl (>=21.0.0)", "pyserial (>=3.0)", "pywin32 (!=226)", "pywin32 (!=226)", "service-identity (>=18.1.0)"]

[[package]]
name = "twisted-iocpsupport"
version = "1.0.3"
description = "An extension for use in the twisted I/O Completion Ports reactor."
category = "main"
optional = false
python-versions = "*"
files = [
    {file = "twisted-iocpsupport-1.0.3.tar.gz", hash = "sha256:afb00801fdfbaccf0d0173a722626500023d4a19719ac9f129d1347a32e2fc66"},
    {file = "twisted_iocpsupport-1.0.3-cp310-cp310-win32.whl", hash = "sha256:a379ef56a576c8090889f74441bc3822ca31ac82253cc61e8d50631bcb0c26d0"},
    {file = "twisted_iocpsupport-1.0.3-cp310-cp310-win_amd64.whl", hash = "sha256:1ea2c3fbdb739c95cc8b3355305cd593d2c9ec56d709207aa1a05d4d98671e85"},
    {file = "twisted_iocpsupport-1.0.3-cp311-cp311-win32.whl", hash = "sha256:7efcdfafb377f32db90f42bd5fc5bb32cd1e3637ee936cdaf3aff4f4786ab3bf"},
    {file = "twisted_iocpsupport-1.0.3-cp311-cp311-win_amd64.whl", hash = "sha256:1dbfac706972bf9ec5ce1ddbc735d2ebba406ad363345df8751ffd5252aa1618"},
    {file = "twisted_iocpsupport-1.0.3-cp36-cp36m-win32.whl", hash = "sha256:1ddfc5fa22ec6f913464b736b3f46e642237f17ac41be47eed6fa9bd52f5d0e0"},
    {file = "twisted_iocpsupport-1.0.3-cp36-cp36m-win_amd64.whl", hash = "sha256:1bdccbb22199fc69fd7744d6d2dfd22d073c028c8611d994b41d2d2ad0e0f40d"},
    {file = "twisted_iocpsupport-1.0.3-cp37-cp37m-win32.whl", hash = "sha256:db11c80054b52dbdea44d63d5474a44c9a6531882f0e2960268b15123088641a"},
    {file = "twisted_iocpsupport-1.0.3-cp37-cp37m-win_amd64.whl", hash = "sha256:67bec1716eb8f466ef366bbf262e1467ecc9e20940111207663ac24049785bad"},
    {file = "twisted_iocpsupport-1.0.3-cp38-cp38-win32.whl", hash = "sha256:98a6f16ab215f8c1446e9fc60aaed0ab7c746d566aa2f3492a23cea334e6bebb"},
    {file = "twisted_iocpsupport-1.0.3-cp38-cp38-win_amd64.whl", hash = "sha256:4f249d0baac836bb431d6fa0178be063a310136bc489465a831e3abd2d7acafd"},
    {file = "twisted_iocpsupport-1.0.3-cp39-cp39-win32.whl", hash = "sha256:aaca8f30c3b7c80d27a33fe9fe0d0bac42b1b012ddc60f677175c30e1becc1f3"},
    {file = "twisted_iocpsupport-1.0.3-cp39-cp39-win_amd64.whl", hash = "sha256:dff43136c33665c2d117a73706aef6f7d6433e5c4560332a118fe066b16b8695"},
    {file = "twisted_iocpsupport-1.0.3-pp37-pypy37_pp73-win_amd64.whl", hash = "sha256:8faceae553cfadc42ad791b1790e7cdecb7751102608c405217f6a26e877e0c5"},
    {file = "twisted_iocpsupport-1.0.3-pp38-pypy38_pp73-win_amd64.whl", hash = "sha256:6f8c433faaad5d53d30d1da6968d5a3730df415e2efb6864847267a9b51290cd"},
    {file = "twisted_iocpsupport-1.0.3-pp39-pypy39_pp73-win_amd64.whl", hash = "sha256:3f39c41c0213a81a9ce0961e30d0d7650f371ad80f8d261007d15a2deb6d5be3"},
]

[[package]]
name = "typing-extensions"
version = "4.7.1"
description = "Backported and Experimental Type Hints for Python 3.7+"
category = "main"
optional = false
python-versions = ">=3.7"
files = [
    {file = "typing_extensions-4.7.1-py3-none-any.whl", hash = "sha256:440d5dd3af93b060174bf433bccd69b0babc3b15b1a8dca43789fd7f61514b36"},
    {file = "typing_extensions-4.7.1.tar.gz", hash = "sha256:b75ddc264f0ba5615db7ba217daeb99701ad295353c45f9e95963337ceeeffb2"},
]

[[package]]
name = "zope-interface"
version = "6.0"
description = "Interfaces for Python"
category = "main"
optional = false
python-versions = ">=3.7"
files = [
    {file = "zope.interface-6.0-cp310-cp310-macosx_10_9_x86_64.whl", hash = "sha256:f299c020c6679cb389814a3b81200fe55d428012c5e76da7e722491f5d205990"},
    {file = "zope.interface-6.0-cp310-cp310-macosx_11_0_arm64.whl", hash = "sha256:ee4b43f35f5dc15e1fec55ccb53c130adb1d11e8ad8263d68b1284b66a04190d"},
    {file = "zope.interface-6.0-cp310-cp310-manylinux_2_17_aarch64.manylinux2014_aarch64.whl", hash = "sha256:5a158846d0fca0a908c1afb281ddba88744d403f2550dc34405c3691769cdd85"},
    {file = "zope.interface-6.0-cp310-cp310-manylinux_2_5_i686.manylinux1_i686.manylinux_2_17_i686.manylinux2014_i686.whl", hash = "sha256:f72f23bab1848edb7472309e9898603141644faec9fd57a823ea6b4d1c4c8995"},
    {file = "zope.interface-6.0-cp310-cp310-manylinux_2_5_x86_64.manylinux1_x86_64.manylinux_2_17_x86_64.manylinux2014_x86_64.whl", hash = "sha256:48f4d38cf4b462e75fac78b6f11ad47b06b1c568eb59896db5b6ec1094eb467f"},
    {file = "zope.interface-6.0-cp310-cp310-win_amd64.whl", hash = "sha256:87b690bbee9876163210fd3f500ee59f5803e4a6607d1b1238833b8885ebd410"},
    {file = "zope.interface-6.0-cp311-cp311-macosx_10_9_x86_64.whl", hash = "sha256:f2363e5fd81afb650085c6686f2ee3706975c54f331b426800b53531191fdf28"},
    {file = "zope.interface-6.0-cp311-cp311-macosx_11_0_arm64.whl", hash = "sha256:af169ba897692e9cd984a81cb0f02e46dacdc07d6cf9fd5c91e81f8efaf93d52"},
    {file = "zope.interface-6.0-cp311-cp311-manylinux_2_17_aarch64.manylinux2014_aarch64.whl", hash = "sha256:fa90bac61c9dc3e1a563e5babb3fd2c0c1c80567e815442ddbe561eadc803b30"},
    {file = "zope.interface-6.0-cp311-cp311-manylinux_2_5_i686.manylinux1_i686.manylinux_2_17_i686.manylinux2014_i686.whl", hash = "sha256:89086c9d3490a0f265a3c4b794037a84541ff5ffa28bb9c24cc9f66566968464"},
    {file = "zope.interface-6.0-cp311-cp311-manylinux_2_5_x86_64.manylinux1_x86_64.manylinux_2_17_x86_64.manylinux2014_x86_64.whl", hash = "sha256:809fe3bf1a91393abc7e92d607976bbb8586512913a79f2bf7d7ec15bd8ea518"},
    {file = "zope.interface-6.0-cp311-cp311-win_amd64.whl", hash = "sha256:0ec9653825f837fbddc4e4b603d90269b501486c11800d7c761eee7ce46d1bbb"},
    {file = "zope.interface-6.0-cp37-cp37m-macosx_10_15_x86_64.whl", hash = "sha256:790c1d9d8f9c92819c31ea660cd43c3d5451df1df61e2e814a6f99cebb292788"},
    {file = "zope.interface-6.0-cp37-cp37m-manylinux_2_17_aarch64.manylinux2014_aarch64.whl", hash = "sha256:b39b8711578dcfd45fc0140993403b8a81e879ec25d53189f3faa1f006087dca"},
    {file = "zope.interface-6.0-cp37-cp37m-manylinux_2_5_i686.manylinux1_i686.manylinux_2_17_i686.manylinux2014_i686.whl", hash = "sha256:eba51599370c87088d8882ab74f637de0c4f04a6d08a312dce49368ba9ed5c2a"},
    {file = "zope.interface-6.0-cp37-cp37m-manylinux_2_5_x86_64.manylinux1_x86_64.manylinux_2_17_x86_64.manylinux2014_x86_64.whl", hash = "sha256:6ee934f023f875ec2cfd2b05a937bd817efcc6c4c3f55c5778cbf78e58362ddc"},
    {file = "zope.interface-6.0-cp37-cp37m-win_amd64.whl", hash = "sha256:042f2381118b093714081fd82c98e3b189b68db38ee7d35b63c327c470ef8373"},
    {file = "zope.interface-6.0-cp38-cp38-macosx_10_9_x86_64.whl", hash = "sha256:dfbbbf0809a3606046a41f8561c3eada9db811be94138f42d9135a5c47e75f6f"},
    {file = "zope.interface-6.0-cp38-cp38-macosx_11_0_arm64.whl", hash = "sha256:424d23b97fa1542d7be882eae0c0fc3d6827784105264a8169a26ce16db260d8"},
    {file = "zope.interface-6.0-cp38-cp38-manylinux_2_17_aarch64.manylinux2014_aarch64.whl", hash = "sha256:e538f2d4a6ffb6edfb303ce70ae7e88629ac6e5581870e66c306d9ad7b564a58"},
    {file = "zope.interface-6.0-cp38-cp38-manylinux_2_5_i686.manylinux1_i686.manylinux_2_17_i686.manylinux2014_i686.whl", hash = "sha256:12175ca6b4db7621aedd7c30aa7cfa0a2d65ea3a0105393e05482d7a2d367446"},
    {file = "zope.interface-6.0-cp38-cp38-manylinux_2_5_x86_64.manylinux1_x86_64.manylinux_2_17_x86_64.manylinux2014_x86_64.whl", hash = "sha256:4c3d7dfd897a588ec27e391edbe3dd320a03684457470415870254e714126b1f"},
    {file = "zope.interface-6.0-cp38-cp38-win_amd64.whl", hash = "sha256:b3f543ae9d3408549a9900720f18c0194ac0fe810cecda2a584fd4dca2eb3bb8"},
    {file = "zope.interface-6.0-cp39-cp39-macosx_10_9_x86_64.whl", hash = "sha256:d0583b75f2e70ec93f100931660328965bb9ff65ae54695fb3fa0a1255daa6f2"},
    {file = "zope.interface-6.0-cp39-cp39-macosx_11_0_arm64.whl", hash = "sha256:23ac41d52fd15dd8be77e3257bc51bbb82469cf7f5e9a30b75e903e21439d16c"},
    {file = "zope.interface-6.0-cp39-cp39-manylinux_2_17_aarch64.manylinux2014_aarch64.whl", hash = "sha256:99856d6c98a326abbcc2363827e16bd6044f70f2ef42f453c0bd5440c4ce24e5"},
    {file = "zope.interface-6.0-cp39-cp39-manylinux_2_5_i686.manylinux1_i686.manylinux_2_17_i686.manylinux2014_i686.whl", hash = "sha256:1592f68ae11e557b9ff2bc96ac8fc30b187e77c45a3c9cd876e3368c53dc5ba8"},
    {file = "zope.interface-6.0-cp39-cp39-manylinux_2_5_x86_64.manylinux1_x86_64.manylinux_2_17_x86_64.manylinux2014_x86_64.whl", hash = "sha256:4407b1435572e3e1610797c9203ad2753666c62883b921318c5403fb7139dec2"},
    {file = "zope.interface-6.0-cp39-cp39-win_amd64.whl", hash = "sha256:5171eb073474a5038321409a630904fd61f12dd1856dd7e9d19cd6fe092cbbc5"},
    {file = "zope.interface-6.0.tar.gz", hash = "sha256:aab584725afd10c710b8f1e6e208dbee2d0ad009f57d674cb9d1b3964037275d"},
]

[package.dependencies]
setuptools = "*"

[package.extras]
docs = ["Sphinx", "repoze.sphinx.autointerface"]
test = ["coverage (>=5.0.3)", "zope.event", "zope.testing"]
testing = ["coverage (>=5.0.3)", "zope.event", "zope.testing"]

[metadata]
lock-version = "2.0"
python-versions = "^3.9"
content-hash = "189dfe6fcbf7b9c172aabb7e0f7a8d1202b583ff6d0b48a9b288123aa85124fd"
